// !$*UTF8*$!
{
	archiveVersion = 1;
	classes = {
	};
	objectVersion = 77;
	objects = {

/* Begin PBXContainerItemProxy section */
		37F0777F2D8BD5CB00A41006 /* PBXContainerItemProxy */ = {
			isa = PBXContainerItemProxy;
			containerPortal = 37F077662D8BD5CA00A41006 /* Project object */;
			proxyType = 1;
			remoteGlobalIDString = 37F0776D2D8BD5CA00A41006;
			remoteInfo = SIGHub;
		};
		37F077892D8BD5CB00A41006 /* PBXContainerItemProxy */ = {
			isa = PBXContainerItemProxy;
			containerPortal = 37F077662D8BD5CA00A41006 /* Project object */;
			proxyType = 1;
			remoteGlobalIDString = 37F0776D2D8BD5CA00A41006;
			remoteInfo = SIGHub;
		};
/* End PBXContainerItemProxy section */

/* Begin PBXFileReference section */
		37F0776E2D8BD5CA00A41006 /* SIGHub.app */ = {isa = PBXFileReference; explicitFileType = wrapper.application; includeInIndex = 0; path = SIGHub.app; sourceTree = BUILT_PRODUCTS_DIR; };
		37F0777E2D8BD5CB00A41006 /* SIGHubTests.xctest */ = {isa = PBXFileReference; explicitFileType = wrapper.cfbundle; includeInIndex = 0; path = SIGHubTests.xctest; sourceTree = BUILT_PRODUCTS_DIR; };
		37F077882D8BD5CB00A41006 /* SIGHubUITests.xctest */ = {isa = PBXFileReference; explicitFileType = wrapper.cfbundle; includeInIndex = 0; path = SIGHubUITests.xctest; sourceTree = BUILT_PRODUCTS_DIR; };
/* End PBXFileReference section */

/* Begin PBXFileSystemSynchronizedRootGroup section */
		37F077702D8BD5CA00A41006 /* SIGHub */ = {
			isa = PBXFileSystemSynchronizedRootGroup;
			path = SIGHub;
			sourceTree = "<group>";
		};
		37F077812D8BD5CB00A41006 /* SIGHubTests */ = {
			isa = PBXFileSystemSynchronizedRootGroup;
			path = SIGHubTests;
			sourceTree = "<group>";
		};
		37F0778B2D8BD5CB00A41006 /* SIGHubUITests */ = {
			isa = PBXFileSystemSynchronizedRootGroup;
			path = SIGHubUITests;
			sourceTree = "<group>";
		};
/* End PBXFileSystemSynchronizedRootGroup section */

/* Begin PBXFrameworksBuildPhase section */
		37F0776B2D8BD5CA00A41006 /* Frameworks */ = {
			isa = PBXFrameworksBuildPhase;
			buildActionMask = 2147483647;
			files = (
			);
			runOnlyForDeploymentPostprocessing = 0;
		};
		37F0777B2D8BD5CB00A41006 /* Frameworks */ = {
			isa = PBXFrameworksBuildPhase;
			buildActionMask = 2147483647;
			files = (
			);
			runOnlyForDeploymentPostprocessing = 0;
		};
		37F077852D8BD5CB00A41006 /* Frameworks */ = {
			isa = PBXFrameworksBuildPhase;
			buildActionMask = 2147483647;
			files = (
			);
			runOnlyForDeploymentPostprocessing = 0;
		};
/* End PBXFrameworksBuildPhase section */

/* Begin PBXGroup section */
		37F077652D8BD5CA00A41006 = {
			isa = PBXGroup;
			children = (
				37F077702D8BD5CA00A41006 /* SIGHub */,
				37F077812D8BD5CB00A41006 /* SIGHubTests */,
				37F0778B2D8BD5CB00A41006 /* SIGHubUITests */,
				37F0776F2D8BD5CA00A41006 /* Products */,
			);
			sourceTree = "<group>";
		};
		37F0776F2D8BD5CA00A41006 /* Products */ = {
			isa = PBXGroup;
			children = (
				37F0776E2D8BD5CA00A41006 /* SIGHub.app */,
				37F0777E2D8BD5CB00A41006 /* SIGHubTests.xctest */,
				37F077882D8BD5CB00A41006 /* SIGHubUITests.xctest */,
			);
			name = Products;
			sourceTree = "<group>";
		};
/* End PBXGroup section */

/* Begin PBXNativeTarget section */
		37F0776D2D8BD5CA00A41006 /* SIGHub */ = {
			isa = PBXNativeTarget;
			buildConfigurationList = 37F077922D8BD5CB00A41006 /* Build configuration list for PBXNativeTarget "SIGHub" */;
			buildPhases = (
				37F0776A2D8BD5CA00A41006 /* Sources */,
				37F0776B2D8BD5CA00A41006 /* Frameworks */,
				37F0776C2D8BD5CA00A41006 /* Resources */,
			);
			buildRules = (
			);
			dependencies = (
			);
			fileSystemSynchronizedGroups = (
				37F077702D8BD5CA00A41006 /* SIGHub */,
			);
			name = SIGHub;
			packageProductDependencies = (
			);
			productName = SIGHub;
			productReference = 37F0776E2D8BD5CA00A41006 /* SIGHub.app */;
			productType = "com.apple.product-type.application";
		};
		37F0777D2D8BD5CB00A41006 /* SIGHubTests */ = {
			isa = PBXNativeTarget;
			buildConfigurationList = 37F077952D8BD5CB00A41006 /* Build configuration list for PBXNativeTarget "SIGHubTests" */;
			buildPhases = (
				37F0777A2D8BD5CB00A41006 /* Sources */,
				37F0777B2D8BD5CB00A41006 /* Frameworks */,
				37F0777C2D8BD5CB00A41006 /* Resources */,
			);
			buildRules = (
			);
			dependencies = (
				37F077802D8BD5CB00A41006 /* PBXTargetDependency */,
			);
			fileSystemSynchronizedGroups = (
				37F077812D8BD5CB00A41006 /* SIGHubTests */,
			);
			name = SIGHubTests;
			packageProductDependencies = (
			);
			productName = SIGHubTests;
			productReference = 37F0777E2D8BD5CB00A41006 /* SIGHubTests.xctest */;
			productType = "com.apple.product-type.bundle.unit-test";
		};
		37F077872D8BD5CB00A41006 /* SIGHubUITests */ = {
			isa = PBXNativeTarget;
			buildConfigurationList = 37F077982D8BD5CB00A41006 /* Build configuration list for PBXNativeTarget "SIGHubUITests" */;
			buildPhases = (
				37F077842D8BD5CB00A41006 /* Sources */,
				37F077852D8BD5CB00A41006 /* Frameworks */,
				37F077862D8BD5CB00A41006 /* Resources */,
			);
			buildRules = (
			);
			dependencies = (
				37F0778A2D8BD5CB00A41006 /* PBXTargetDependency */,
			);
			fileSystemSynchronizedGroups = (
				37F0778B2D8BD5CB00A41006 /* SIGHubUITests */,
			);
			name = SIGHubUITests;
			packageProductDependencies = (
			);
			productName = SIGHubUITests;
			productReference = 37F077882D8BD5CB00A41006 /* SIGHubUITests.xctest */;
			productType = "com.apple.product-type.bundle.ui-testing";
		};
/* End PBXNativeTarget section */

/* Begin PBXProject section */
		37F077662D8BD5CA00A41006 /* Project object */ = {
			isa = PBXProject;
			attributes = {
				BuildIndependentTargetsInParallel = 1;
				LastSwiftUpdateCheck = 1620;
				LastUpgradeCheck = 1620;
				TargetAttributes = {
					37F0776D2D8BD5CA00A41006 = {
						CreatedOnToolsVersion = 16.2;
					};
					37F0777D2D8BD5CB00A41006 = {
						CreatedOnToolsVersion = 16.2;
						TestTargetID = 37F0776D2D8BD5CA00A41006;
					};
					37F077872D8BD5CB00A41006 = {
						CreatedOnToolsVersion = 16.2;
						TestTargetID = 37F0776D2D8BD5CA00A41006;
					};
				};
			};
			buildConfigurationList = 37F077692D8BD5CA00A41006 /* Build configuration list for PBXProject "SIGHub" */;
			developmentRegion = en;
			hasScannedForEncodings = 0;
			knownRegions = (
				en,
				Base,
			);
			mainGroup = 37F077652D8BD5CA00A41006;
			minimizedProjectReferenceProxies = 1;
			preferredProjectObjectVersion = 77;
			productRefGroup = 37F0776F2D8BD5CA00A41006 /* Products */;
			projectDirPath = "";
			projectRoot = "";
			targets = (
				37F0776D2D8BD5CA00A41006 /* SIGHub */,
				37F0777D2D8BD5CB00A41006 /* SIGHubTests */,
				37F077872D8BD5CB00A41006 /* SIGHubUITests */,
			);
		};
/* End PBXProject section */

/* Begin PBXResourcesBuildPhase section */
		37F0776C2D8BD5CA00A41006 /* Resources */ = {
			isa = PBXResourcesBuildPhase;
			buildActionMask = 2147483647;
			files = (
			);
			runOnlyForDeploymentPostprocessing = 0;
		};
		37F0777C2D8BD5CB00A41006 /* Resources */ = {
			isa = PBXResourcesBuildPhase;
			buildActionMask = 2147483647;
			files = (
			);
			runOnlyForDeploymentPostprocessing = 0;
		};
		37F077862D8BD5CB00A41006 /* Resources */ = {
			isa = PBXResourcesBuildPhase;
			buildActionMask = 2147483647;
			files = (
			);
			runOnlyForDeploymentPostprocessing = 0;
		};
/* End PBXResourcesBuildPhase section */

/* Begin PBXSourcesBuildPhase section */
		37F0776A2D8BD5CA00A41006 /* Sources */ = {
			isa = PBXSourcesBuildPhase;
			buildActionMask = 2147483647;
			files = (
			);
			runOnlyForDeploymentPostprocessing = 0;
		};
		37F0777A2D8BD5CB00A41006 /* Sources */ = {
			isa = PBXSourcesBuildPhase;
			buildActionMask = 2147483647;
			files = (
			);
			runOnlyForDeploymentPostprocessing = 0;
		};
		37F077842D8BD5CB00A41006 /* Sources */ = {
			isa = PBXSourcesBuildPhase;
			buildActionMask = 2147483647;
			files = (
			);
			runOnlyForDeploymentPostprocessing = 0;
		};
/* End PBXSourcesBuildPhase section */

/* Begin PBXTargetDependency section */
		37F077802D8BD5CB00A41006 /* PBXTargetDependency */ = {
			isa = PBXTargetDependency;
			target = 37F0776D2D8BD5CA00A41006 /* SIGHub */;
			targetProxy = 37F0777F2D8BD5CB00A41006 /* PBXContainerItemProxy */;
		};
		37F0778A2D8BD5CB00A41006 /* PBXTargetDependency */ = {
			isa = PBXTargetDependency;
			target = 37F0776D2D8BD5CA00A41006 /* SIGHub */;
			targetProxy = 37F077892D8BD5CB00A41006 /* PBXContainerItemProxy */;
		};
/* End PBXTargetDependency section */

/* Begin XCBuildConfiguration section */
		37F077902D8BD5CB00A41006 /* Debug */ = {
			isa = XCBuildConfiguration;
			buildSettings = {
				ALWAYS_SEARCH_USER_PATHS = NO;
				ASSETCATALOG_COMPILER_GENERATE_SWIFT_ASSET_SYMBOL_EXTENSIONS = YES;
				CLANG_ANALYZER_NONNULL = YES;
				CLANG_ANALYZER_NUMBER_OBJECT_CONVERSION = YES_AGGRESSIVE;
				CLANG_CXX_LANGUAGE_STANDARD = "gnu++20";
				CLANG_ENABLE_MODULES = YES;
				CLANG_ENABLE_OBJC_ARC = YES;
				CLANG_ENABLE_OBJC_WEAK = YES;
				CLANG_WARN_BLOCK_CAPTURE_AUTORELEASING = YES;
				CLANG_WARN_BOOL_CONVERSION = YES;
				CLANG_WARN_COMMA = YES;
				CLANG_WARN_CONSTANT_CONVERSION = YES;
				CLANG_WARN_DEPRECATED_OBJC_IMPLEMENTATIONS = YES;
				CLANG_WARN_DIRECT_OBJC_ISA_USAGE = YES_ERROR;
				CLANG_WARN_DOCUMENTATION_COMMENTS = YES;
				CLANG_WARN_EMPTY_BODY = YES;
				CLANG_WARN_ENUM_CONVERSION = YES;
				CLANG_WARN_INFINITE_RECURSION = YES;
				CLANG_WARN_INT_CONVERSION = YES;
				CLANG_WARN_NON_LITERAL_NULL_CONVERSION = YES;
				CLANG_WARN_OBJC_IMPLICIT_RETAIN_SELF = YES;
				CLANG_WARN_OBJC_LITERAL_CONVERSION = YES;
				CLANG_WARN_OBJC_ROOT_CLASS = YES_ERROR;
				CLANG_WARN_QUOTED_INCLUDE_IN_FRAMEWORK_HEADER = YES;
				CLANG_WARN_RANGE_LOOP_ANALYSIS = YES;
				CLANG_WARN_STRICT_PROTOTYPES = YES;
				CLANG_WARN_SUSPICIOUS_MOVE = YES;
				CLANG_WARN_UNGUARDED_AVAILABILITY = YES_AGGRESSIVE;
				CLANG_WARN_UNREACHABLE_CODE = YES;
				CLANG_WARN__DUPLICATE_METHOD_MATCH = YES;
				COPY_PHASE_STRIP = NO;
				DEBUG_INFORMATION_FORMAT = dwarf;
				ENABLE_STRICT_OBJC_MSGSEND = YES;
				ENABLE_TESTABILITY = YES;
				ENABLE_USER_SCRIPT_SANDBOXING = YES;
				GCC_C_LANGUAGE_STANDARD = gnu17;
				GCC_DYNAMIC_NO_PIC = NO;
				GCC_NO_COMMON_BLOCKS = YES;
				GCC_OPTIMIZATION_LEVEL = 0;
				GCC_PREPROCESSOR_DEFINITIONS = (
					"DEBUG=1",
					"$(inherited)",
				);
				GCC_WARN_64_TO_32_BIT_CONVERSION = YES;
				GCC_WARN_ABOUT_RETURN_TYPE = YES_ERROR;
				GCC_WARN_UNDECLARED_SELECTOR = YES;
				GCC_WARN_UNINITIALIZED_AUTOS = YES_AGGRESSIVE;
				GCC_WARN_UNUSED_FUNCTION = YES;
				GCC_WARN_UNUSED_VARIABLE = YES;
				IPHONEOS_DEPLOYMENT_TARGET = 18.2;
				LOCALIZATION_PREFERS_STRING_CATALOGS = YES;
				MTL_ENABLE_DEBUG_INFO = INCLUDE_SOURCE;
				MTL_FAST_MATH = YES;
				ONLY_ACTIVE_ARCH = YES;
				SDKROOT = iphoneos;
				SWIFT_ACTIVE_COMPILATION_CONDITIONS = "DEBUG $(inherited)";
				SWIFT_OPTIMIZATION_LEVEL = "-Onone";
			};
			name = Debug;
		};
		37F077912D8BD5CB00A41006 /* Release */ = {
			isa = XCBuildConfiguration;
			buildSettings = {
				ALWAYS_SEARCH_USER_PATHS = NO;
				ASSETCATALOG_COMPILER_GENERATE_SWIFT_ASSET_SYMBOL_EXTENSIONS = YES;
				CLANG_ANALYZER_NONNULL = YES;
				CLANG_ANALYZER_NUMBER_OBJECT_CONVERSION = YES_AGGRESSIVE;
				CLANG_CXX_LANGUAGE_STANDARD = "gnu++20";
				CLANG_ENABLE_MODULES = YES;
				CLANG_ENABLE_OBJC_ARC = YES;
				CLANG_ENABLE_OBJC_WEAK = YES;
				CLANG_WARN_BLOCK_CAPTURE_AUTORELEASING = YES;
				CLANG_WARN_BOOL_CONVERSION = YES;
				CLANG_WARN_COMMA = YES;
				CLANG_WARN_CONSTANT_CONVERSION = YES;
				CLANG_WARN_DEPRECATED_OBJC_IMPLEMENTATIONS = YES;
				CLANG_WARN_DIRECT_OBJC_ISA_USAGE = YES_ERROR;
				CLANG_WARN_DOCUMENTATION_COMMENTS = YES;
				CLANG_WARN_EMPTY_BODY = YES;
				CLANG_WARN_ENUM_CONVERSION = YES;
				CLANG_WARN_INFINITE_RECURSION = YES;
				CLANG_WARN_INT_CONVERSION = YES;
				CLANG_WARN_NON_LITERAL_NULL_CONVERSION = YES;
				CLANG_WARN_OBJC_IMPLICIT_RETAIN_SELF = YES;
				CLANG_WARN_OBJC_LITERAL_CONVERSION = YES;
				CLANG_WARN_OBJC_ROOT_CLASS = YES_ERROR;
				CLANG_WARN_QUOTED_INCLUDE_IN_FRAMEWORK_HEADER = YES;
				CLANG_WARN_RANGE_LOOP_ANALYSIS = YES;
				CLANG_WARN_STRICT_PROTOTYPES = YES;
				CLANG_WARN_SUSPICIOUS_MOVE = YES;
				CLANG_WARN_UNGUARDED_AVAILABILITY = YES_AGGRESSIVE;
				CLANG_WARN_UNREACHABLE_CODE = YES;
				CLANG_WARN__DUPLICATE_METHOD_MATCH = YES;
				COPY_PHASE_STRIP = NO;
				DEBUG_INFORMATION_FORMAT = "dwarf-with-dsym";
				ENABLE_NS_ASSERTIONS = NO;
				ENABLE_STRICT_OBJC_MSGSEND = YES;
				ENABLE_USER_SCRIPT_SANDBOXING = YES;
				GCC_C_LANGUAGE_STANDARD = gnu17;
				GCC_NO_COMMON_BLOCKS = YES;
				GCC_WARN_64_TO_32_BIT_CONVERSION = YES;
				GCC_WARN_ABOUT_RETURN_TYPE = YES_ERROR;
				GCC_WARN_UNDECLARED_SELECTOR = YES;
				GCC_WARN_UNINITIALIZED_AUTOS = YES_AGGRESSIVE;
				GCC_WARN_UNUSED_FUNCTION = YES;
				GCC_WARN_UNUSED_VARIABLE = YES;
				IPHONEOS_DEPLOYMENT_TARGET = 18.2;
				LOCALIZATION_PREFERS_STRING_CATALOGS = YES;
				MTL_ENABLE_DEBUG_INFO = NO;
				MTL_FAST_MATH = YES;
				SDKROOT = iphoneos;
				SWIFT_COMPILATION_MODE = wholemodule;
				VALIDATE_PRODUCT = YES;
			};
			name = Release;
		};
		37F077932D8BD5CB00A41006 /* Debug */ = {
			isa = XCBuildConfiguration;
			buildSettings = {
				ASSETCATALOG_COMPILER_APPICON_NAME = AppIcon;
				ASSETCATALOG_COMPILER_GLOBAL_ACCENT_COLOR_NAME = AccentColor;
				CODE_SIGN_STYLE = Automatic;
				CURRENT_PROJECT_VERSION = 1;
				DEVELOPMENT_ASSET_PATHS = "\"SIGHub/Preview Content\"";
				DEVELOPMENT_TEAM = 4UFGF66JS2;
				ENABLE_PREVIEWS = YES;
				GENERATE_INFOPLIST_FILE = YES;
				INFOPLIST_KEY_UIApplicationSceneManifest_Generation = YES;
				INFOPLIST_KEY_UIApplicationSupportsIndirectInputEvents = YES;
				INFOPLIST_KEY_UILaunchScreen_Generation = YES;
				INFOPLIST_KEY_UISupportedInterfaceOrientations_iPad = "UIInterfaceOrientationPortrait UIInterfaceOrientationPortraitUpsideDown UIInterfaceOrientationLandscapeLeft UIInterfaceOrientationLandscapeRight";
				INFOPLIST_KEY_UISupportedInterfaceOrientations_iPhone = "UIInterfaceOrientationPortrait UIInterfaceOrientationLandscapeLeft UIInterfaceOrientationLandscapeRight";
				LD_RUNPATH_SEARCH_PATHS = (
					"$(inherited)",
					"@executable_path/Frameworks",
				);
				MARKETING_VERSION = 1.0;
				PRODUCT_BUNDLE_IDENTIFIER = com.example.SIGHub;
				PRODUCT_NAME = "$(TARGET_NAME)";
				SWIFT_EMIT_LOC_STRINGS = YES;
				SWIFT_VERSION = 5.0;
				TARGETED_DEVICE_FAMILY = "1,2";
			};
			name = Debug;
		};
		37F077942D8BD5CB00A41006 /* Release */ = {
			isa = XCBuildConfiguration;
			buildSettings = {
				ASSETCATALOG_COMPILER_APPICON_NAME = AppIcon;
				ASSETCATALOG_COMPILER_GLOBAL_ACCENT_COLOR_NAME = AccentColor;
				CODE_SIGN_STYLE = Automatic;
				CURRENT_PROJECT_VERSION = 1;
				DEVELOPMENT_ASSET_PATHS = "\"SIGHub/Preview Content\"";
				DEVELOPMENT_TEAM = 4UFGF66JS2;
				ENABLE_PREVIEWS = YES;
				GENERATE_INFOPLIST_FILE = YES;
				INFOPLIST_KEY_UIApplicationSceneManifest_Generation = YES;
				INFOPLIST_KEY_UIApplicationSupportsIndirectInputEvents = YES;
				INFOPLIST_KEY_UILaunchScreen_Generation = YES;
				INFOPLIST_KEY_UISupportedInterfaceOrientations_iPad = "UIInterfaceOrientationPortrait UIInterfaceOrientationPortraitUpsideDown UIInterfaceOrientationLandscapeLeft UIInterfaceOrientationLandscapeRight";
				INFOPLIST_KEY_UISupportedInterfaceOrientations_iPhone = "UIInterfaceOrientationPortrait UIInterfaceOrientationLandscapeLeft UIInterfaceOrientationLandscapeRight";
				LD_RUNPATH_SEARCH_PATHS = (
					"$(inherited)",
					"@executable_path/Frameworks",
				);
				MARKETING_VERSION = 1.0;
				PRODUCT_BUNDLE_IDENTIFIER = com.example.SIGHub;
				PRODUCT_NAME = "$(TARGET_NAME)";
				SWIFT_EMIT_LOC_STRINGS = YES;
				SWIFT_VERSION = 5.0;
				TARGETED_DEVICE_FAMILY = "1,2";
			};
			name = Release;
		};
		37F077962D8BD5CB00A41006 /* Debug */ = {
			isa = XCBuildConfiguration;
			buildSettings = {
				BUNDLE_LOADER = "$(TEST_HOST)";
				CODE_SIGN_STYLE = Automatic;
				CURRENT_PROJECT_VERSION = 1;
				GENERATE_INFOPLIST_FILE = YES;
				IPHONEOS_DEPLOYMENT_TARGET = 18.2;
				MARKETING_VERSION = 1.0;
				PRODUCT_BUNDLE_IDENTIFIER = com.example.SIGHubTests;
				PRODUCT_NAME = "$(TARGET_NAME)";
				SWIFT_EMIT_LOC_STRINGS = NO;
				SWIFT_VERSION = 5.0;
				TARGETED_DEVICE_FAMILY = "1,2";
				TEST_HOST = "$(BUILT_PRODUCTS_DIR)/SIGHub.app/$(BUNDLE_EXECUTABLE_FOLDER_PATH)/SIGHub";
			};
			name = Debug;
		};
		37F077972D8BD5CB00A41006 /* Release */ = {
			isa = XCBuildConfiguration;
			buildSettings = {
				BUNDLE_LOADER = "$(TEST_HOST)";
				CODE_SIGN_STYLE = Automatic;
				CURRENT_PROJECT_VERSION = 1;
				GENERATE_INFOPLIST_FILE = YES;
				IPHONEOS_DEPLOYMENT_TARGET = 18.2;
				MARKETING_VERSION = 1.0;
				PRODUCT_BUNDLE_IDENTIFIER = com.example.SIGHubTests;
				PRODUCT_NAME = "$(TARGET_NAME)";
				SWIFT_EMIT_LOC_STRINGS = NO;
				SWIFT_VERSION = 5.0;
				TARGETED_DEVICE_FAMILY = "1,2";
				TEST_HOST = "$(BUILT_PRODUCTS_DIR)/SIGHub.app/$(BUNDLE_EXECUTABLE_FOLDER_PATH)/SIGHub";
			};
			name = Release;
		};
		37F077992D8BD5CB00A41006 /* Debug */ = {
			isa = XCBuildConfiguration;
			buildSettings = {
				CODE_SIGN_STYLE = Automatic;
				CURRENT_PROJECT_VERSION = 1;
				GENERATE_INFOPLIST_FILE = YES;
				MARKETING_VERSION = 1.0;
				PRODUCT_BUNDLE_IDENTIFIER = com.example.SIGHubUITests;
				PRODUCT_NAME = "$(TARGET_NAME)";
				SWIFT_EMIT_LOC_STRINGS = NO;
				SWIFT_VERSION = 5.0;
				TARGETED_DEVICE_FAMILY = "1,2";
				TEST_TARGET_NAME = SIGHub;
			};
			name = Debug;
		};
		37F0779A2D8BD5CB00A41006 /* Release */ = {
			isa = XCBuildConfiguration;
			buildSettings = {
				CODE_SIGN_STYLE = Automatic;
				CURRENT_PROJECT_VERSION = 1;
				GENERATE_INFOPLIST_FILE = YES;
				MARKETING_VERSION = 1.0;
				PRODUCT_BUNDLE_IDENTIFIER = com.example.SIGHubUITests;
				PRODUCT_NAME = "$(TARGET_NAME)";
				SWIFT_EMIT_LOC_STRINGS = NO;
				SWIFT_VERSION = 5.0;
				TARGETED_DEVICE_FAMILY = "1,2";
				TEST_TARGET_NAME = SIGHub;
			};
			name = Release;
		};
/* End XCBuildConfiguration section */

/* Begin XCConfigurationList section */
		37F077692D8BD5CA00A41006 /* Build configuration list for PBXProject "SIGHub" */ = {
			isa = XCConfigurationList;
			buildConfigurations = (
				37F077902D8BD5CB00A41006 /* Debug */,
				37F077912D8BD5CB00A41006 /* Release */,
			);
			defaultConfigurationIsVisible = 0;
			defaultConfigurationName = Release;
		};
		37F077922D8BD5CB00A41006 /* Build configuration list for PBXNativeTarget "SIGHub" */ = {
			isa = XCConfigurationList;
			buildConfigurations = (
				37F077932D8BD5CB00A41006 /* Debug */,
				37F077942D8BD5CB00A41006 /* Release */,
			);
			defaultConfigurationIsVisible = 0;
			defaultConfigurationName = Release;
		};
		37F077952D8BD5CB00A41006 /* Build configuration list for PBXNativeTarget "SIGHubTests" */ = {
			isa = XCConfigurationList;
			buildConfigurations = (
				37F077962D8BD5CB00A41006 /* Debug */,
				37F077972D8BD5CB00A41006 /* Release */,
			);
			defaultConfigurationIsVisible = 0;
			defaultConfigurationName = Release;
		};
		37F077982D8BD5CB00A41006 /* Build configuration list for PBXNativeTarget "SIGHubUITests" */ = {
			isa = XCConfigurationList;
			buildConfigurations = (
				37F077992D8BD5CB00A41006 /* Debug */,
				37F0779A2D8BD5CB00A41006 /* Release */,
			);
			defaultConfigurationIsVisible = 0;
			defaultConfigurationName = Release;
		};
/* End XCConfigurationList section */
	};
	rootObject = 37F077662D8BD5CA00A41006 /* Project object */;
}
